
Microsoft Visual Studio Solution File, Format Version 12.00
# Visual Studio Version 16
VisualStudioVersion = 16.0.28803.352
MinimumVisualStudioVersion = 10.0.40219.1
Project("{FAE04EC0-301F-11D3-BF4B-00C04F79EFBC}") = "UndderControlService", "UndderControlService\UndderControlService.csproj", "{7069E747-38B0-425E-A4F0-0A09E29B91E5}"
EndProject
Project("{FAE04EC0-301F-11D3-BF4B-00C04F79EFBC}") = "UndderControlService.Tests", "UndderControlService.Tests\UndderControlService.Tests.csproj", "{94224D30-BCE1-4B99-8F77-937B75D232EA}"
EndProject
Project("{FAE04EC0-301F-11D3-BF4B-00C04F79EFBC}") = "UndderControlService.Data", "UndderControlService.Data\UndderControlService.Data.csproj", "{64C9306F-0059-4465-9F19-3A630F8D2196}"
EndProject
Project("{9A19103F-16F7-4668-BE54-9A1E7A4F7556}") = "UndderControlLib", "..\..\Client\UndderControlLib\UndderControlLib.csproj", "{9717B507-E9CE-4E0F-8097-488FBEDE4BFE}"
EndProject
Global
	GlobalSection(SolutionConfigurationPlatforms) = preSolution
		Debug|Any CPU = Debug|Any CPU
		Release|Any CPU = Release|Any CPU
	EndGlobalSection
	GlobalSection(ProjectConfigurationPlatforms) = postSolution
		{7069E747-38B0-425E-A4F0-0A09E29B91E5}.Debug|Any CPU.ActiveCfg = Debug|Any CPU
		{7069E747-38B0-425E-A4F0-0A09E29B91E5}.Debug|Any CPU.Build.0 = Debug|Any CPU
		{7069E747-38B0-425E-A4F0-0A09E29B91E5}.Release|Any CPU.ActiveCfg = Release|Any CPU
		{7069E747-38B0-425E-A4F0-0A09E29B91E5}.Release|Any CPU.Build.0 = Release|Any CPU
		{94224D30-BCE1-4B99-8F77-937B75D232EA}.Debug|Any CPU.ActiveCfg = Debug|Any CPU
		{94224D30-BCE1-4B99-8F77-937B75D232EA}.Debug|Any CPU.Build.0 = Debug|Any CPU
		{94224D30-BCE1-4B99-8F77-937B75D232EA}.Release|Any CPU.ActiveCfg = Release|Any CPU
		{94224D30-BCE1-4B99-8F77-937B75D232EA}.Release|Any CPU.Build.0 = Release|Any CPU
		{64C9306F-0059-4465-9F19-3A630F8D2196}.Debug|Any CPU.ActiveCfg = Debug|Any CPU
		{64C9306F-0059-4465-9F19-3A630F8D2196}.Debug|Any CPU.Build.0 = Debug|Any CPU
		{64C9306F-0059-4465-9F19-3A630F8D2196}.Release|Any CPU.ActiveCfg = Release|Any CPU
		{64C9306F-0059-4465-9F19-3A630F8D2196}.Release|Any CPU.Build.0 = Release|Any CPU
		{9717B507-E9CE-4E0F-8097-488FBEDE4BFE}.Debug|Any CPU.ActiveCfg = Debug|Any CPU
		{9717B507-E9CE-4E0F-8097-488FBEDE4BFE}.Debug|Any CPU.Build.0 = Debug|Any CPU
		{9717B507-E9CE-4E0F-8097-488FBEDE4BFE}.Release|Any CPU.ActiveCfg = Release|Any CPU
		{9717B507-E9CE-4E0F-8097-488FBEDE4BFE}.Release|Any CPU.Build.0 = Release|Any CPU
	EndGlobalSection
	GlobalSection(SolutionProperties) = preSolution
		HideSolutionNode = FALSE
	EndGlobalSection
	GlobalSection(ExtensibilityGlobals) = postSolution
		SolutionGuid = {23509248-3106-4E3A-A3B7-8304CE6BC423}
	EndGlobalSection
EndGlobal
